{
  "lockfileVersion": 1,
  "configVersion": 1,
  "workspaces": {
    "": {
      "name": "ttkb",
      "dependencies": {
        "arktype": "latest",
        "ink": "latest",
        "react": "latest",
      },
      "devDependencies": {
        "@types/bun": "latest",
        "@types/react": "latest",
        "oxfmt": "latest",
        "oxlint": "latest",
        "oxlint-tsgolint": "latest",
        "react-devtools-core": "latest",
      },
      "peerDependencies": {
        "typescript": "latest",
      },
    },
  },
  "packages": {
    "@alcalzone/ansi-tokenize": ["@alcalzone/ansi-tokenize@0.2.5", "", { "dependencies": { "ansi-styles": "^6.2.1", "is-fullwidth-code-point": "^5.0.0" } }, "sha512-3NX/MpTdroi0aKz134A6RC2Gb2iXVECN4QaAXnvCIxxIm3C3AVB1mkUe8NaaiyvOpDfsrqWhYtj+Q6a62RrTsw=="],

    "@ark/schema": ["@ark/schema@0.56.0", "", { "dependencies": { "@ark/util": "0.56.0" } }, "sha512-ECg3hox/6Z/nLajxXqNhgPtNdHWC9zNsDyskwO28WinoFEnWow4IsERNz9AnXRhTZJnYIlAJ4uGn3nlLk65vZA=="],

    "@ark/util": ["@ark/util@0.56.0", "", {}, "sha512-BghfRC8b9pNs3vBoDJhcta0/c1J1rsoS1+HgVUreMFPdhz/CRAKReAu57YEllNaSy98rWAdY1gE+gFup7OXpgA=="],

    "@oxfmt/binding-android-arm-eabi": ["@oxfmt/binding-android-arm-eabi@0.36.0", "", { "os": "android", "cpu": "arm" }, "sha512-Z4yVHJWx/swHHjtr0dXrBZb6LxS+qNz1qdza222mWwPTUK4L790+5i3LTgjx3KYGBzcYpjaiZBw4vOx94dH7MQ=="],

    "@oxfmt/binding-android-arm64": ["@oxfmt/binding-android-arm64@0.36.0", "", { "os": "android", "cpu": "arm64" }, "sha512-3ElCJRFNPQl7jexf2CAa9XmAm8eC5JPrIDSjc9jSchkVSFTEqyL0NtZinBB2h1a4i4JgP1oGl/5G5n8YR4FN8Q=="],

    "@oxfmt/binding-darwin-arm64": ["@oxfmt/binding-darwin-arm64@0.36.0", "", { "os": "darwin", "cpu": "arm64" }, "sha512-nak4znWCqIExKhYSY/mz/lWsqWIpdsS7o0+SRzXR1Q0m7GrMcG1UrF1pS7TLGZhhkf7nTfEF7q6oZzJiodRDuw=="],

    "@oxfmt/binding-darwin-x64": ["@oxfmt/binding-darwin-x64@0.36.0", "", { "os": "darwin", "cpu": "x64" }, "sha512-V4GP96thDnpKx6ADnMDnhIXNdtV+Ql9D4HUU+a37VTeVbs5qQSF/s6hhUP1b3xUqU7iRcwh72jUU2Y12rtGHAw=="],

    "@oxfmt/binding-freebsd-x64": ["@oxfmt/binding-freebsd-x64@0.36.0", "", { "os": "freebsd", "cpu": "x64" }, "sha512-/xapWCADfI5wrhxpEUjhI9fnw7MV5BUZizVa8e24n3VSK6A3Y1TB/ClOP1tfxNspykFKXp4NBWl6NtDJP3osqQ=="],

    "@oxfmt/binding-linux-arm-gnueabihf": ["@oxfmt/binding-linux-arm-gnueabihf@0.36.0", "", { "os": "linux", "cpu": "arm" }, "sha512-1lOmv61XMFIH5uNm27620kRRzWt/RK6tdn250BRDoG9W7OXGOQ5UyI1HVT+SFkoOoKztBiinWgi68+NA1MjBVQ=="],

    "@oxfmt/binding-linux-arm-musleabihf": ["@oxfmt/binding-linux-arm-musleabihf@0.36.0", "", { "os": "linux", "cpu": "arm" }, "sha512-vMH23AskdR1ujUS9sPck2Df9rBVoZUnCVY86jisILzIQ/QQ/yKUTi7tgnIvydPx7TyB/48wsQ5QMr5Knq5p/aw=="],

    "@oxfmt/binding-linux-arm64-gnu": ["@oxfmt/binding-linux-arm64-gnu@0.36.0", "", { "os": "linux", "cpu": "arm64" }, "sha512-Hy1V+zOBHpBiENRx77qrUTt5aPDHeCASRc8K5KwwAHkX2AKP0nV89eL17hsZrE9GmnXFjsNmd80lyf7aRTXsbw=="],

    "@oxfmt/binding-linux-arm64-musl": ["@oxfmt/binding-linux-arm64-musl@0.36.0", "", { "os": "linux", "cpu": "arm64" }, "sha512-SPGLJkOIHSIC6ABUQ5V8NqJpvYhMJueJv26NYqfCnwi/Mn6A61amkpJJ9Suy0Nmvs+OWESJpcebrBUbXPGZyQQ=="],

    "@oxfmt/binding-linux-ppc64-gnu": ["@oxfmt/binding-linux-ppc64-gnu@0.36.0", "", { "os": "linux", "cpu": "ppc64" }, "sha512-3EuoyB8x9x8ysYJjbEO/M9fkSk72zQKnXCvpZMDHXlnY36/1qMp55Nm0PrCwjGO/1pen5hdOVkz9WmP3nAp2IQ=="],

    "@oxfmt/binding-linux-riscv64-gnu": ["@oxfmt/binding-linux-riscv64-gnu@0.36.0", "", { "os": "linux", "cpu": "none" }, "sha512-MpY3itLwpGh8dnywtrZtaZ604T1m715SydCKy0+qTxetv+IHzuA+aO/AGzrlzUNYZZmtWtmDBrChZGibvZxbRQ=="],

    "@oxfmt/binding-linux-riscv64-musl": ["@oxfmt/binding-linux-riscv64-musl@0.36.0", "", { "os": "linux", "cpu": "none" }, "sha512-mmDhe4Vtx+XwQPRPn/V25+APnkApYgZ23q+6GVsNYY98pf3aU0aI3Me96pbRs/AfJ1jIiGC+/6q71FEu8dHcHw=="],

    "@oxfmt/binding-linux-s390x-gnu": ["@oxfmt/binding-linux-s390x-gnu@0.36.0", "", { "os": "linux", "cpu": "s390x" }, "sha512-AYXhU+DmNWLSnvVwkHM92fuYhogtVHab7UQrPNaDf1sxadugg9gWVmcgJDlIwxJdpk5CVW/TFvwUKwI432zhhA=="],

    "@oxfmt/binding-linux-x64-gnu": ["@oxfmt/binding-linux-x64-gnu@0.36.0", "", { "os": "linux", "cpu": "x64" }, "sha512-H16QhhQ3usoakMleiAAQ2mg0NsBDAdyE9agUgfC8IHHh3jZEbr0rIKwjEqwbOHK5M0EmfhJmr+aGO/MgZPsneA=="],

    "@oxfmt/binding-linux-x64-musl": ["@oxfmt/binding-linux-x64-musl@0.36.0", "", { "os": "linux", "cpu": "x64" }, "sha512-EFFGkixA39BcmHiCe2ECdrq02D6FCve5ka6ObbvrheXl4V+R0U/E+/uLyVx1X65LW8TA8QQHdnbdDallRekohw=="],

    "@oxfmt/binding-openharmony-arm64": ["@oxfmt/binding-openharmony-arm64@0.36.0", "", { "os": "none", "cpu": "arm64" }, "sha512-zr/t369wZWFOj1qf06Z5gGNjFymfUNDrxKMmr7FKiDRVI1sNsdKRCuRL4XVjtcptKQ+ao3FfxLN1vrynivmCYg=="],

    "@oxfmt/binding-win32-arm64-msvc": ["@oxfmt/binding-win32-arm64-msvc@0.36.0", "", { "os": "win32", "cpu": "arm64" }, "sha512-FxO7UksTv8h4olzACgrqAXNF6BP329+H322323iDrMB5V/+a1kcAw07fsOsUmqNrb9iJBsCQgH/zqcqp5903ag=="],

    "@oxfmt/binding-win32-ia32-msvc": ["@oxfmt/binding-win32-ia32-msvc@0.36.0", "", { "os": "win32", "cpu": "ia32" }, "sha512-OjoMQ89H01M0oLMfr/CPNH1zi48ZIwxAKObUl57oh7ssUBNDp/2Vjf7E1TQ8M4oj4VFQ/byxl2SmcPNaI2YNDg=="],

    "@oxfmt/binding-win32-x64-msvc": ["@oxfmt/binding-win32-x64-msvc@0.36.0", "", { "os": "win32", "cpu": "x64" }, "sha512-MoyeQ9S36ZTz/4bDhOKJgOBIDROd4dQ5AkT9iezhEaUBxAPdNX9Oq0jD8OSnCj3G4wam/XNxVWKMA52kmzmPtQ=="],

    "@oxlint-tsgolint/darwin-arm64": ["@oxlint-tsgolint/darwin-arm64@0.16.0", "", { "os": "darwin", "cpu": "arm64" }, "sha512-WQt5lGwRPJBw7q2KNR0mSPDAaMmZmVvDlEEti96xLO7ONhyomQc6fBZxxwZ4qTFedjJnrHX94sFelZ4OKzS7UQ=="],

    "@oxlint-tsgolint/darwin-x64": ["@oxlint-tsgolint/darwin-x64@0.16.0", "", { "os": "darwin", "cpu": "x64" }, "sha512-VJo29XOzdkalvCTiE2v6FU3qZlgHaM8x8hUEVJGPU2i5W+FlocPpmn00+Ld2n7Q0pqIjyD5EyvZ5UmoIEJMfqg=="],

    "@oxlint-tsgolint/linux-arm64": ["@oxlint-tsgolint/linux-arm64@0.16.0", "", { "os": "linux", "cpu": "arm64" }, "sha512-MPfqRt1+XRHv9oHomcBMQ3KpTE+CSkZz14wUxDQoqTNdUlV0HWdzwIE9q65I3D9YyxEnqpM7j4qtDQ3apqVvbQ=="],

    "@oxlint-tsgolint/linux-x64": ["@oxlint-tsgolint/linux-x64@0.16.0", "", { "os": "linux", "cpu": "x64" }, "sha512-XQSwVUsnwLokMhe1TD6IjgvW5WMTPzOGGkdFDtXWQmlN2YeTw94s/NN0KgDrn2agM1WIgAenEkvnm0u7NgwEyw=="],

    "@oxlint-tsgolint/win32-arm64": ["@oxlint-tsgolint/win32-arm64@0.16.0", "", { "os": "win32", "cpu": "arm64" }, "sha512-EWdlspQiiFGsP2AiCYdhg5dTYyAlj6y1nRyNI2dQWq4Q/LITFHiSRVPe+7m7K7lcsZCEz2icN/bCeSkZaORqIg=="],

    "@oxlint-tsgolint/win32-x64": ["@oxlint-tsgolint/win32-x64@0.16.0", "", { "os": "win32", "cpu": "x64" }, "sha512-1ufk8cgktXJuJZHKF63zCHAkaLMwZrEXnZ89H2y6NO85PtOXqu4zbdNl0VBpPP3fCUuUBu9RvNqMFiv0VsbXWA=="],

    "@oxlint/binding-android-arm-eabi": ["@oxlint/binding-android-arm-eabi@1.51.0", "", { "os": "android", "cpu": "arm" }, "sha512-jJYIqbx4sX+suIxWstc4P7SzhEwb4ArWA2KVrmEuu9vH2i0qM6QIHz/ehmbGE4/2fZbpuMuBzTl7UkfNoqiSgw=="],

    "@oxlint/binding-android-arm64": ["@oxlint/binding-android-arm64@1.51.0", "", { "os": "android", "cpu": "arm64" }, "sha512-GtXyBCcH4ti98YdiMNCrpBNGitx87EjEWxevnyhcBK12k/Vu4EzSB45rzSC4fGFUD6sQgeaxItRCEEWeVwPafw=="],

    "@oxlint/binding-darwin-arm64": ["@oxlint/binding-darwin-arm64@1.51.0", "", { "os": "darwin", "cpu": "arm64" }, "sha512-3QJbeYaMHn6Bh2XeBXuITSsbnIctyTjvHf5nRjKYrT9pPeErNIpp5VDEeAXC0CZSwSVTsc8WOSDwgrAI24JolQ=="],

    "@oxlint/binding-darwin-x64": ["@oxlint/binding-darwin-x64@1.51.0", "", { "os": "darwin", "cpu": "x64" }, "sha512-NzErhMaTEN1cY0E8C5APy74lw5VwsNfJfVPBMWPVQLqAbO0k4FFLjvHURvkUL+Y18Wu+8Vs1kbqPh2hjXYA4pg=="],

    "@oxlint/binding-freebsd-x64": ["@oxlint/binding-freebsd-x64@1.51.0", "", { "os": "freebsd", "cpu": "x64" }, "sha512-msAIh3vPAoKoHlOE/oe6Q5C/n9umypv/k81lED82ibrJotn+3YG2Qp1kiR8o/Dg5iOEU97c6tl0utxcyFenpFw=="],

    "@oxlint/binding-linux-arm-gnueabihf": ["@oxlint/binding-linux-arm-gnueabihf@1.51.0", "", { "os": "linux", "cpu": "arm" }, "sha512-CqQPcvqYyMe9ZBot2stjGogEzk1z8gGAngIX7srSzrzexmXixwVxBdFZyxTVM0CjGfDeV+Ru0w25/WNjlMM2Hw=="],

    "@oxlint/binding-linux-arm-musleabihf": ["@oxlint/binding-linux-arm-musleabihf@1.51.0", "", { "os": "linux", "cpu": "arm" }, "sha512-dstrlYQgZMnyOssxSbolGCge/sDbko12N/35RBNuqLpoPbft2aeBidBAb0dvQlyBd9RJ6u8D4o4Eh8Un6iTgyQ=="],

    "@oxlint/binding-linux-arm64-gnu": ["@oxlint/binding-linux-arm64-gnu@1.51.0", "", { "os": "linux", "cpu": "arm64" }, "sha512-QEjUpXO7d35rP1/raLGGbAsBLLGZIzV3ZbeSjqWlD3oRnxpRIZ6iL4o51XQHkconn3uKssc+1VKdtHJ81BBhDA=="],

    "@oxlint/binding-linux-arm64-musl": ["@oxlint/binding-linux-arm64-musl@1.51.0", "", { "os": "linux", "cpu": "arm64" }, "sha512-YSJua5irtG4DoMAjUapDTPhkQLHhBIY0G9JqlZS6/SZPzqDkPku/1GdWs0D6h/wyx0Iz31lNCfIaWKBQhzP0wQ=="],

    "@oxlint/binding-linux-ppc64-gnu": ["@oxlint/binding-linux-ppc64-gnu@1.51.0", "", { "os": "linux", "cpu": "ppc64" }, "sha512-7L4Wj2IEUNDETKssB9IDYt16T6WlF+X2jgC/hBq3diGHda9vJLpAgb09+D3quFq7TdkFtI7hwz/jmuQmQFPc1Q=="],

    "@oxlint/binding-linux-riscv64-gnu": ["@oxlint/binding-linux-riscv64-gnu@1.51.0", "", { "os": "linux", "cpu": "none" }, "sha512-cBUHqtOXy76G41lOB401qpFoKx1xq17qYkhWrLSM7eEjiHM9sOtYqpr6ZdqCnN9s6ZpzudX4EkeHOFH2E9q0vA=="],

    "@oxlint/binding-linux-riscv64-musl": ["@oxlint/binding-linux-riscv64-musl@1.51.0", "", { "os": "linux", "cpu": "none" }, "sha512-WKbg8CysgZcHfZX0ixQFBRSBvFZUHa3SBnEjHY2FVYt2nbNJEjzTxA3ZR5wMU0NOCNKIAFUFvAh5/XJKPRJuJg=="],

    "@oxlint/binding-linux-s390x-gnu": ["@oxlint/binding-linux-s390x-gnu@1.51.0", "", { "os": "linux", "cpu": "s390x" }, "sha512-N1QRUvJTxqXNSu35YOufdjsAVmKVx5bkrggOWAhTWBc3J4qjcBwr1IfyLh/6YCg8sYRSR1GraldS9jUgJL/U4A=="],

    "@oxlint/binding-linux-x64-gnu": ["@oxlint/binding-linux-x64-gnu@1.51.0", "", { "os": "linux", "cpu": "x64" }, "sha512-e0Mz0DizsCoqNIjeOg6OUKe8JKJWZ5zZlwsd05Bmr51Jo3AOL4UJnPvwKumr4BBtBrDZkCmOLhCvDGm95nJM2g=="],

    "@oxlint/binding-linux-x64-musl": ["@oxlint/binding-linux-x64-musl@1.51.0", "", { "os": "linux", "cpu": "x64" }, "sha512-wD8HGTWhYBKXvRDvoBVB1y+fEYV01samhWQSy1Zkxq2vpezvMnjaFKRuiP6tBNITLGuffbNDEXOwcAhJ3gI5Ug=="],

    "@oxlint/binding-openharmony-arm64": ["@oxlint/binding-openharmony-arm64@1.51.0", "", { "os": "none", "cpu": "arm64" }, "sha512-5NSwQ2hDEJ0GPXqikjWtwzgAQCsS7P9aLMNenjjKa+gknN3lTCwwwERsT6lKXSirfU3jLjexA2XQvQALh5h27w=="],

    "@oxlint/binding-win32-arm64-msvc": ["@oxlint/binding-win32-arm64-msvc@1.51.0", "", { "os": "win32", "cpu": "arm64" }, "sha512-JEZyah1M0RHMw8d+jjSSJmSmO8sABA1J1RtrHYujGPeCkYg1NeH0TGuClpe2h5QtioRTaF57y/TZfn/2IFV6fA=="],

    "@oxlint/binding-win32-ia32-msvc": ["@oxlint/binding-win32-ia32-msvc@1.51.0", "", { "os": "win32", "cpu": "ia32" }, "sha512-q3cEoKH6kwjz/WRyHwSf0nlD2F5Qw536kCXvmlSu+kaShzgrA0ojmh45CA81qL+7udfCaZL2SdKCZlLiGBVFlg=="],

    "@oxlint/binding-win32-x64-msvc": ["@oxlint/binding-win32-x64-msvc@1.51.0", "", { "os": "win32", "cpu": "x64" }, "sha512-Q14+fOGb9T28nWF/0EUsYqERiRA7cl1oy4TJrGmLaqhm+aO2cV+JttboHI3CbdeMCAyDI1+NoSlrM7Melhp/cw=="],

    "@types/bun": ["@types/bun@1.3.10", "", { "dependencies": { "bun-types": "1.3.10" } }, "sha512-0+rlrUrOrTSskibryHbvQkDOWRJwJZqZlxrUs1u4oOoTln8+WIXBPmAuCF35SWB2z4Zl3E84Nl/D0P7803nigQ=="],

    "@types/node": ["@types/node@25.2.3", "", { "dependencies": { "undici-types": "~7.16.0" } }, "sha512-m0jEgYlYz+mDJZ2+F4v8D1AyQb+QzsNqRuI7xg1VQX/KlKS0qT9r1Mo16yo5F/MtifXFgaofIFsdFMox2SxIbQ=="],

    "@types/react": ["@types/react@19.2.14", "", { "dependencies": { "csstype": "^3.2.2" } }, "sha512-ilcTH/UniCkMdtexkoCN0bI7pMcJDvmQFPvuPvmEaYA/NSfFTAgdUSLAoVjaRJm7+6PvcM+q1zYOwS4wTYMF9w=="],

    "ansi-escapes": ["ansi-escapes@7.3.0", "", { "dependencies": { "environment": "^1.0.0" } }, "sha512-BvU8nYgGQBxcmMuEeUEmNTvrMVjJNSH7RgW24vXexN4Ven6qCvy4TntnvlnwnMLTVlcRQQdbRY8NKnaIoeWDNg=="],

    "ansi-regex": ["ansi-regex@6.2.2", "", {}, "sha512-Bq3SmSpyFHaWjPk8If9yc6svM8c56dB5BAtW4Qbw5jHTwwXXcTLoRMkpDJp6VL0XzlWaCHTXrkFURMYmD0sLqg=="],

    "ansi-styles": ["ansi-styles@6.2.3", "", {}, "sha512-4Dj6M28JB+oAH8kFkTLUo+a2jwOFkuqb3yucU0CANcRRUbxS0cP0nZYCGjcc3BNXwRIsUVmDGgzawme7zvJHvg=="],

    "arkregex": ["arkregex@0.0.5", "", { "dependencies": { "@ark/util": "0.56.0" } }, "sha512-ncYjBdLlh5/QnVsAA8De16Tc9EqmYM7y/WU9j+236KcyYNUXogpz3sC4ATIZYzzLxwI+0sEOaQLEmLmRleaEXw=="],

    "arktype": ["arktype@2.1.29", "", { "dependencies": { "@ark/schema": "0.56.0", "@ark/util": "0.56.0", "arkregex": "0.0.5" } }, "sha512-jyfKk4xIOzvYNayqnD8ZJQqOwcrTOUbIU4293yrzAjA3O1dWh61j71ArMQ6tS/u4pD7vabSPe7nG3RCyoXW6RQ=="],

    "auto-bind": ["auto-bind@5.0.1", "", {}, "sha512-ooviqdwwgfIfNmDwo94wlshcdzfO64XV0Cg6oDsDYBJfITDz1EngD2z7DkbvCWn+XIMsIqW27sEVF6qcpJrRcg=="],

    "bun-types": ["bun-types@1.3.10", "", { "dependencies": { "@types/node": "*" } }, "sha512-tcpfCCl6XWo6nCVnpcVrxQ+9AYN1iqMIzgrSKYMB/fjLtV2eyAVEg7AxQJuCq/26R6HpKWykQXuSOq/21RYcbg=="],

    "chalk": ["chalk@5.6.2", "", {}, "sha512-7NzBL0rN6fMUW+f7A6Io4h40qQlG+xGmtMxfbnH/K7TAtt8JQWVQK+6g0UXKMeVJoyV5EkkNsErQ8pVD3bLHbA=="],

    "cli-boxes": ["cli-boxes@3.0.0", "", {}, "sha512-/lzGpEWL/8PfI0BmBOPRwp0c/wFNX1RdUML3jK/RcSBA9T8mZDdQpqYBKtCFTOfQbwPqWEOpjqW+Fnayc0969g=="],

    "cli-cursor": ["cli-cursor@4.0.0", "", { "dependencies": { "restore-cursor": "^4.0.0" } }, "sha512-VGtlMu3x/4DOtIUwEkRezxUZ2lBacNJCHash0N0WeZDBS+7Ux1dm3XWAgWYxLJFMMdOeXMHXorshEFhbMSGelg=="],

    "cli-truncate": ["cli-truncate@5.1.1", "", { "dependencies": { "slice-ansi": "^7.1.0", "string-width": "^8.0.0" } }, "sha512-SroPvNHxUnk+vIW/dOSfNqdy1sPEFkrTk6TUtqLCnBlo3N7TNYYkzzN7uSD6+jVjrdO4+p8nH7JzH6cIvUem6A=="],

    "code-excerpt": ["code-excerpt@4.0.0", "", { "dependencies": { "convert-to-spaces": "^2.0.1" } }, "sha512-xxodCmBen3iy2i0WtAK8FlFNrRzjUqjRsMfho58xT/wvZU1YTM3fCnRjcy1gJPMepaRlgm/0e6w8SpWHpn3/cA=="],

    "convert-to-spaces": ["convert-to-spaces@2.0.1", "", {}, "sha512-rcQ1bsQO9799wq24uE5AM2tAILy4gXGIK/njFWcVQkGNZ96edlpY+A7bjwvzjYvLDyzmG1MmMLZhpcsb+klNMQ=="],

    "csstype": ["csstype@3.2.3", "", {}, "sha512-z1HGKcYy2xA8AGQfwrn0PAy+PB7X/GSj3UVJW9qKyn43xWa+gl5nXmU4qqLMRzWVLFC8KusUX8T/0kCiOYpAIQ=="],

    "emoji-regex": ["emoji-regex@10.6.0", "", {}, "sha512-toUI84YS5YmxW219erniWD0CIVOo46xGKColeNQRgOzDorgBi1v4D71/OFzgD9GO2UGKIv1C3Sp8DAn0+j5w7A=="],

    "environment": ["environment@1.1.0", "", {}, "sha512-xUtoPkMggbz0MPyPiIWr1Kp4aeWJjDZ6SMvURhimjdZgsRuDplF5/s9hcgGhyXMhs+6vpnuoiZ2kFiu3FMnS8Q=="],

    "es-toolkit": ["es-toolkit@1.44.0", "", {}, "sha512-6penXeZalaV88MM3cGkFZZfOoLGWshWWfdy0tWw/RlVVyhvMaWSBTOvXNeiW3e5FwdS5ePW0LGEu17zT139ktg=="],

    "escape-string-regexp": ["escape-string-regexp@2.0.0", "", {}, "sha512-UpzcLCXolUWcNu5HtVMHYdXJjArjsF9C0aNnquZYY4uW/Vu0miy5YoWvbV345HauVvcAUnpRuhMMcqTcGOY2+w=="],

    "get-east-asian-width": ["get-east-asian-width@1.4.0", "", {}, "sha512-QZjmEOC+IT1uk6Rx0sX22V6uHWVwbdbxf1faPqJ1QhLdGgsRGCZoyaQBm/piRdJy/D2um6hM1UP7ZEeQ4EkP+Q=="],

    "indent-string": ["indent-string@5.0.0", "", {}, "sha512-m6FAo/spmsW2Ab2fU35JTYwtOKa2yAwXSwgjSv1TJzh4Mh7mC3lzAOVLBprb72XsTrgkEIsl7YrFNAiDiRhIGg=="],

    "ink": ["ink@6.8.0", "", { "dependencies": { "@alcalzone/ansi-tokenize": "^0.2.4", "ansi-escapes": "^7.3.0", "ansi-styles": "^6.2.1", "auto-bind": "^5.0.1", "chalk": "^5.6.0", "cli-boxes": "^3.0.0", "cli-cursor": "^4.0.0", "cli-truncate": "^5.1.1", "code-excerpt": "^4.0.0", "es-toolkit": "^1.39.10", "indent-string": "^5.0.0", "is-in-ci": "^2.0.0", "patch-console": "^2.0.0", "react-reconciler": "^0.33.0", "scheduler": "^0.27.0", "signal-exit": "^3.0.7", "slice-ansi": "^8.0.0", "stack-utils": "^2.0.6", "string-width": "^8.1.1", "terminal-size": "^4.0.1", "type-fest": "^5.4.1", "widest-line": "^6.0.0", "wrap-ansi": "^9.0.0", "ws": "^8.18.0", "yoga-layout": "~3.2.1" }, "peerDependencies": { "@types/react": ">=19.0.0", "react": ">=19.0.0", "react-devtools-core": ">=6.1.2" }, "optionalPeers": ["@types/react", "react-devtools-core"] }, "sha512-sbl1RdLOgkO9isK42WCZlJCFN9hb++sX9dsklOvfd1YQ3bQ2AiFu12Q6tFlr0HvEUvzraJntQCCpfEoUe9DSzA=="],

    "is-fullwidth-code-point": ["is-fullwidth-code-point@5.1.0", "", { "dependencies": { "get-east-asian-width": "^1.3.1" } }, "sha512-5XHYaSyiqADb4RnZ1Bdad6cPp8Toise4TzEjcOYDHZkTCbKgiUl7WTUCpNWHuxmDt91wnsZBc9xinNzopv3JMQ=="],

    "is-in-ci": ["is-in-ci@2.0.0", "", { "bin": { "is-in-ci": "cli.js" } }, "sha512-cFeerHriAnhrQSbpAxL37W1wcJKUUX07HyLWZCW1URJT/ra3GyUTzBgUnh24TMVfNTV2Hij2HLxkPHFZfOZy5w=="],

    "mimic-fn": ["mimic-fn@2.1.0", "", {}, "sha512-OqbOk5oEQeAZ8WXWydlu9HJjz9WVdEIvamMCcXmuqUYjTknH/sqsWvhQ3vgwKFRR1HpjvNBKQ37nbJgYzGqGcg=="],

    "onetime": ["onetime@5.1.2", "", { "dependencies": { "mimic-fn": "^2.1.0" } }, "sha512-kbpaSSGJTWdAY5KPVeMOKXSrPtr8C8C7wodJbcsd51jRnmD+GZu8Y0VoU6Dm5Z4vWr0Ig/1NKuWRKf7j5aaYSg=="],

    "oxfmt": ["oxfmt@0.36.0", "", { "dependencies": { "tinypool": "2.1.0" }, "optionalDependencies": { "@oxfmt/binding-android-arm-eabi": "0.36.0", "@oxfmt/binding-android-arm64": "0.36.0", "@oxfmt/binding-darwin-arm64": "0.36.0", "@oxfmt/binding-darwin-x64": "0.36.0", "@oxfmt/binding-freebsd-x64": "0.36.0", "@oxfmt/binding-linux-arm-gnueabihf": "0.36.0", "@oxfmt/binding-linux-arm-musleabihf": "0.36.0", "@oxfmt/binding-linux-arm64-gnu": "0.36.0", "@oxfmt/binding-linux-arm64-musl": "0.36.0", "@oxfmt/binding-linux-ppc64-gnu": "0.36.0", "@oxfmt/binding-linux-riscv64-gnu": "0.36.0", "@oxfmt/binding-linux-riscv64-musl": "0.36.0", "@oxfmt/binding-linux-s390x-gnu": "0.36.0", "@oxfmt/binding-linux-x64-gnu": "0.36.0", "@oxfmt/binding-linux-x64-musl": "0.36.0", "@oxfmt/binding-openharmony-arm64": "0.36.0", "@oxfmt/binding-win32-arm64-msvc": "0.36.0", "@oxfmt/binding-win32-ia32-msvc": "0.36.0", "@oxfmt/binding-win32-x64-msvc": "0.36.0" }, "bin": { "oxfmt": "bin/oxfmt" } }, "sha512-/ejJ+KoSW6J9bcNT9a9UtJSJNWhJ3yOLSBLbkoFHJs/8CZjmaZVZAJe4YgO1KMJlKpNQasrn/G9JQUEZI3p0EQ=="],

    "oxlint": ["oxlint@1.51.0", "", { "optionalDependencies": { "@oxlint/binding-android-arm-eabi": "1.51.0", "@oxlint/binding-android-arm64": "1.51.0", "@oxlint/binding-darwin-arm64": "1.51.0", "@oxlint/binding-darwin-x64": "1.51.0", "@oxlint/binding-freebsd-x64": "1.51.0", "@oxlint/binding-linux-arm-gnueabihf": "1.51.0", "@oxlint/binding-linux-arm-musleabihf": "1.51.0", "@oxlint/binding-linux-arm64-gnu": "1.51.0", "@oxlint/binding-linux-arm64-musl": "1.51.0", "@oxlint/binding-linux-ppc64-gnu": "1.51.0", "@oxlint/binding-linux-riscv64-gnu": "1.51.0", "@oxlint/binding-linux-riscv64-musl": "1.51.0", "@oxlint/binding-linux-s390x-gnu": "1.51.0", "@oxlint/binding-linux-x64-gnu": "1.51.0", "@oxlint/binding-linux-x64-musl": "1.51.0", "@oxlint/binding-openharmony-arm64": "1.51.0", "@oxlint/binding-win32-arm64-msvc": "1.51.0", "@oxlint/binding-win32-ia32-msvc": "1.51.0", "@oxlint/binding-win32-x64-msvc": "1.51.0" }, "peerDependencies": { "oxlint-tsgolint": ">=0.15.0" }, "optionalPeers": ["oxlint-tsgolint"], "bin": { "oxlint": "bin/oxlint" } }, "sha512-g6DNPaV9/WI9MoX2XllafxQuxwY1TV++j7hP8fTJByVBuCoVtm3dy9f/2vtH/HU40JztcgWF4G7ua+gkainklQ=="],

    "oxlint-tsgolint": ["oxlint-tsgolint@0.16.0", "", { "optionalDependencies": { "@oxlint-tsgolint/darwin-arm64": "0.16.0", "@oxlint-tsgolint/darwin-x64": "0.16.0", "@oxlint-tsgolint/linux-arm64": "0.16.0", "@oxlint-tsgolint/linux-x64": "0.16.0", "@oxlint-tsgolint/win32-arm64": "0.16.0", "@oxlint-tsgolint/win32-x64": "0.16.0" }, "bin": { "tsgolint": "bin/tsgolint.js" } }, "sha512-4RuJK2jP08XwqtUu+5yhCbxEauCm6tv2MFHKEMsjbosK2+vy5us82oI3VLuHwbNyZG7ekZA26U2LLHnGR4frIA=="],

    "patch-console": ["patch-console@2.0.0", "", {}, "sha512-0YNdUceMdaQwoKce1gatDScmMo5pu/tfABfnzEqeG0gtTmd7mh/WcwgUjtAeOU7N8nFFlbQBnFK2gXW5fGvmMA=="],

    "react": ["react@19.2.4", "", {}, "sha512-9nfp2hYpCwOjAN+8TZFGhtWEwgvWHXqESH8qT89AT/lWklpLON22Lc8pEtnpsZz7VmawabSU0gCjnj8aC0euHQ=="],

    "react-devtools-core": ["react-devtools-core@7.0.1", "", { "dependencies": { "shell-quote": "^1.6.1", "ws": "^7" } }, "sha512-C3yNvRHaizlpiASzy7b9vbnBGLrhvdhl1CbdU6EnZgxPNbai60szdLtl+VL76UNOt5bOoVTOz5rNWZxgGt+Gsw=="],

    "react-reconciler": ["react-reconciler@0.33.0", "", { "dependencies": { "scheduler": "^0.27.0" }, "peerDependencies": { "react": "^19.2.0" } }, "sha512-KetWRytFv1epdpJc3J4G75I4WrplZE5jOL7Yq0p34+OVOKF4Se7WrdIdVC45XsSSmUTlht2FM/fM1FZb1mfQeA=="],

    "restore-cursor": ["restore-cursor@4.0.0", "", { "dependencies": { "onetime": "^5.1.0", "signal-exit": "^3.0.2" } }, "sha512-I9fPXU9geO9bHOt9pHHOhOkYerIMsmVaWB0rA2AI9ERh/+x/i7MV5HKBNrg+ljO5eoPVgCcnFuRjJ9uH6I/3eg=="],

    "scheduler": ["scheduler@0.27.0", "", {}, "sha512-eNv+WrVbKu1f3vbYJT/xtiF5syA5HPIMtf9IgY/nKg0sWqzAUEvqY/xm7OcZc/qafLx/iO9FgOmeSAp4v5ti/Q=="],

    "shell-quote": ["shell-quote@1.8.3", "", {}, "sha512-ObmnIF4hXNg1BqhnHmgbDETF8dLPCggZWBjkQfhZpbszZnYur5DUljTcCHii5LC3J5E0yeO/1LIMyH+UvHQgyw=="],

    "signal-exit": ["signal-exit@3.0.7", "", {}, "sha512-wnD2ZE+l+SPC/uoS0vXeE9L1+0wuaMqKlfz9AMUo38JsyLSBWSFcHR1Rri62LZc12vLr1gb3jl7iwQhgwpAbGQ=="],

    "slice-ansi": ["slice-ansi@8.0.0", "", { "dependencies": { "ansi-styles": "^6.2.3", "is-fullwidth-code-point": "^5.1.0" } }, "sha512-stxByr12oeeOyY2BlviTNQlYV5xOj47GirPr4yA1hE9JCtxfQN0+tVbkxwCtYDQWhEKWFHsEK48ORg5jrouCAg=="],

    "stack-utils": ["stack-utils@2.0.6", "", { "dependencies": { "escape-string-regexp": "^2.0.0" } }, "sha512-XlkWvfIm6RmsWtNJx+uqtKLS8eqFbxUg0ZzLXqY0caEy9l7hruX8IpiDnjsLavoBgqCCR71TqWO8MaXYheJ3RQ=="],

    "string-width": ["string-width@8.1.1", "", { "dependencies": { "get-east-asian-width": "^1.3.0", "strip-ansi": "^7.1.0" } }, "sha512-KpqHIdDL9KwYk22wEOg/VIqYbrnLeSApsKT/bSj6Ez7pn3CftUiLAv2Lccpq1ALcpLV9UX1Ppn92npZWu2w/aw=="],

    "strip-ansi": ["strip-ansi@7.1.2", "", { "dependencies": { "ansi-regex": "^6.0.1" } }, "sha512-gmBGslpoQJtgnMAvOVqGZpEz9dyoKTCzy2nfz/n8aIFhN/jCE/rCmcxabB6jOOHV+0WNnylOxaxBQPSvcWklhA=="],

    "tagged-tag": ["tagged-tag@1.0.0", "", {}, "sha512-yEFYrVhod+hdNyx7g5Bnkkb0G6si8HJurOoOEgC8B/O0uXLHlaey/65KRv6cuWBNhBgHKAROVpc7QyYqE5gFng=="],

    "terminal-size": ["terminal-size@4.0.1", "", {}, "sha512-avMLDQpUI9I5XFrklECw1ZEUPJhqzcwSWsyyI8blhRLT+8N1jLJWLWWYQpB2q2xthq8xDvjZPISVh53T/+CLYQ=="],

    "tinypool": ["tinypool@2.1.0", "", {}, "sha512-Pugqs6M0m7Lv1I7FtxN4aoyToKg1C4tu+/381vH35y8oENM/Ai7f7C4StcoK4/+BSw9ebcS8jRiVrORFKCALLw=="],

    "type-fest": ["type-fest@5.4.4", "", { "dependencies": { "tagged-tag": "^1.0.0" } }, "sha512-JnTrzGu+zPV3aXIUhnyWJj4z/wigMsdYajGLIYakqyOW1nPllzXEJee0QQbHj+CTIQtXGlAjuK0UY+2xTyjVAw=="],

    "typescript": ["typescript@5.9.3", "", { "bin": { "tsc": "bin/tsc", "tsserver": "bin/tsserver" } }, "sha512-jl1vZzPDinLr9eUt3J/t7V6FgNEw9QjvBPdysz9KfQDD41fQrC2Y4vKQdiaUpFT4bXlb1RHhLpp8wtm6M5TgSw=="],

    "undici-types": ["undici-types@7.16.0", "", {}, "sha512-Zz+aZWSj8LE6zoxD+xrjh4VfkIG8Ya6LvYkZqtUQGJPZjYl53ypCaUwWqo7eI0x66KBGeRo+mlBEkMSeSZ38Nw=="],

    "widest-line": ["widest-line@6.0.0", "", { "dependencies": { "string-width": "^8.1.0" } }, "sha512-U89AsyEeAsyoF0zVJBkG9zBgekjgjK7yk9sje3F4IQpXBJ10TF6ByLlIfjMhcmHMJgHZI4KHt4rdNfktzxIAMA=="],

    "wrap-ansi": ["wrap-ansi@9.0.2", "", { "dependencies": { "ansi-styles": "^6.2.1", "string-width": "^7.0.0", "strip-ansi": "^7.1.0" } }, "sha512-42AtmgqjV+X1VpdOfyTGOYRi0/zsoLqtXQckTmqTeybT+BDIbM/Guxo7x3pE2vtpr1ok6xRqM9OpBe+Jyoqyww=="],

    "ws": ["ws@7.5.10", "", { "peerDependencies": { "bufferutil": "^4.0.1", "utf-8-validate": "^5.0.2" }, "optionalPeers": ["bufferutil", "utf-8-validate"] }, "sha512-+dbF1tHwZpXcbOJdVOkzLDxZP1ailvSxM6ZweXTegylPny803bFhA+vqBYw4s31NSAk4S2Qz+AKXK9a4wkdjcQ=="],

    "yoga-layout": ["yoga-layout@3.2.1", "", {}, "sha512-0LPOt3AxKqMdFBZA3HBAt/t/8vIKq7VaQYbuA8WxCgung+p9TVyKRYdpvCb80HcdTN2NkbIKbhNwKUfm3tQywQ=="],

    "cli-truncate/slice-ansi": ["slice-ansi@7.1.2", "", { "dependencies": { "ansi-styles": "^6.2.1", "is-fullwidth-code-point": "^5.0.0" } }, "sha512-iOBWFgUX7caIZiuutICxVgX1SdxwAVFFKwt1EvMYYec/NWO5meOJ6K5uQxhrYBdQJne4KxiqZc+KptFOWFSI9w=="],

    "ink/ws": ["ws@8.19.0", "", { "peerDependencies": { "bufferutil": "^4.0.1", "utf-8-validate": ">=5.0.2" }, "optionalPeers": ["bufferutil", "utf-8-validate"] }, "sha512-blAT2mjOEIi0ZzruJfIhb3nps74PRWTCz1IjglWEEpQl5XS/UNama6u2/rjFkDDouqr4L67ry+1aGIALViWjDg=="],

    "wrap-ansi/string-width": ["string-width@7.2.0", "", { "dependencies": { "emoji-regex": "^10.3.0", "get-east-asian-width": "^1.0.0", "strip-ansi": "^7.1.0" } }, "sha512-tsaTIkKW9b4N+AEj+SVA+WhJzV7/zMhcSu78mLKWSk7cXMOSHsBKFWUs0fWwq8QyK3MgJBQRX6Gbi4kYbdvGkQ=="],
  }
}
